
Microsoft Visual Studio Solution File, Format Version 12.00
# Visual Studio 2012
Project("{FAE04EC0-301F-11D3-BF4B-00C04F79EFBC}") = "sim_tests", "sim_tests\sim_tests.csproj", "{99C6E3E4-0AE3-4507-8416-38B32DAC9E56}"
EndProject
Project("{FAE04EC0-301F-11D3-BF4B-00C04F79EFBC}") = "time_frame", "time_frame\time_frame\time_frame.csproj", "{E9C8A0A8-16D9-4FEF-AB45-04E9EE9A579E}"
EndProject
Project("{FAE04EC0-301F-11D3-BF4B-00C04F79EFBC}") = "user_commands", "user_commands\user_commands.csproj", "{26BD9021-9484-46B7-B044-EAE8B60E445D}"
EndProject
Project("{FAE04EC0-301F-11D3-BF4B-00C04F79EFBC}") = "device_commands", "device_commands\device_commands.csproj", "{3FA34053-E64F-4AF5-AB24-8BB7FF660257}"
=======
Project("{FAE04EC0-301F-11D3-BF4B-00C04F79EFBC}") = "sim_weather", "sim_weather\sim_weather.csproj", "{6CE7D676-2363-46E5-9E2D-A656BEA0F4C2}"
>>>>>>> Adding first cut of simulated weather library.
EndProject
Project("{FAE04EC0-301F-11D3-BF4B-00C04F79EFBC}") = "sim_weather", "sim_weather\sim_weather.csproj", "{6CE7D676-2363-46E5-9E2D-A656BEA0F4C2}"
EndProject
Project("{FAE04EC0-301F-11D3-BF4B-00C04F79EFBC}") = "Sim_Harness_GUI", "Sim_Harness_GUI\Sim_Harness_GUI.csproj", "{B4104772-C10F-45D8-B238-1BC155C6C943}"
EndProject
Global
	GlobalSection(SolutionConfigurationPlatforms) = preSolution
		Debug|Any CPU = Debug|Any CPU
		Release|Any CPU = Release|Any CPU
	EndGlobalSection
	GlobalSection(ProjectConfigurationPlatforms) = postSolution
		{26BD9021-9484-46B7-B044-EAE8B60E445D}.Debug|Any CPU.ActiveCfg = Debug|Any CPU
		{26BD9021-9484-46B7-B044-EAE8B60E445D}.Debug|Any CPU.Build.0 = Debug|Any CPU
		{26BD9021-9484-46B7-B044-EAE8B60E445D}.Release|Any CPU.ActiveCfg = Release|Any CPU
		{26BD9021-9484-46B7-B044-EAE8B60E445D}.Release|Any CPU.Build.0 = Release|Any CPU
		{3FA34053-E64F-4AF5-AB24-8BB7FF660257}.Debug|Any CPU.ActiveCfg = Debug|Any CPU
		{3FA34053-E64F-4AF5-AB24-8BB7FF660257}.Debug|Any CPU.Build.0 = Debug|Any CPU
		{3FA34053-E64F-4AF5-AB24-8BB7FF660257}.Release|Any CPU.ActiveCfg = Release|Any CPU
		{3FA34053-E64F-4AF5-AB24-8BB7FF660257}.Release|Any CPU.Build.0 = Release|Any CPU
		{6CE7D676-2363-46E5-9E2D-A656BEA0F4C2}.Debug|Any CPU.ActiveCfg = Debug|Any CPU
		{6CE7D676-2363-46E5-9E2D-A656BEA0F4C2}.Debug|Any CPU.Build.0 = Debug|Any CPU
		{6CE7D676-2363-46E5-9E2D-A656BEA0F4C2}.Release|Any CPU.ActiveCfg = Release|Any CPU
		{6CE7D676-2363-46E5-9E2D-A656BEA0F4C2}.Release|Any CPU.Build.0 = Release|Any CPU
		{99C6E3E4-0AE3-4507-8416-38B32DAC9E56}.Debug|Any CPU.ActiveCfg = Debug|Any CPU
		{99C6E3E4-0AE3-4507-8416-38B32DAC9E56}.Debug|Any CPU.Build.0 = Debug|Any CPU
		{99C6E3E4-0AE3-4507-8416-38B32DAC9E56}.Release|Any CPU.ActiveCfg = Release|Any CPU
		{99C6E3E4-0AE3-4507-8416-38B32DAC9E56}.Release|Any CPU.Build.0 = Release|Any CPU
		{B4104772-C10F-45D8-B238-1BC155C6C943}.Debug|Any CPU.ActiveCfg = Debug|Any CPU
		{B4104772-C10F-45D8-B238-1BC155C6C943}.Debug|Any CPU.Build.0 = Debug|Any CPU
		{B4104772-C10F-45D8-B238-1BC155C6C943}.Release|Any CPU.ActiveCfg = Release|Any CPU
		{B4104772-C10F-45D8-B238-1BC155C6C943}.Release|Any CPU.Build.0 = Release|Any CPU
		{E9C8A0A8-16D9-4FEF-AB45-04E9EE9A579E}.Debug|Any CPU.ActiveCfg = Debug|Any CPU
		{E9C8A0A8-16D9-4FEF-AB45-04E9EE9A579E}.Debug|Any CPU.Build.0 = Debug|Any CPU
		{E9C8A0A8-16D9-4FEF-AB45-04E9EE9A579E}.Release|Any CPU.ActiveCfg = Release|Any CPU
		{E9C8A0A8-16D9-4FEF-AB45-04E9EE9A579E}.Release|Any CPU.Build.0 = Release|Any CPU
		{6CE7D676-2363-46E5-9E2D-A656BEA0F4C2}.Debug|Any CPU.ActiveCfg = Debug|Any CPU
		{6CE7D676-2363-46E5-9E2D-A656BEA0F4C2}.Debug|Any CPU.Build.0 = Debug|Any CPU
		{6CE7D676-2363-46E5-9E2D-A656BEA0F4C2}.Release|Any CPU.ActiveCfg = Release|Any CPU
		{6CE7D676-2363-46E5-9E2D-A656BEA0F4C2}.Release|Any CPU.Build.0 = Release|Any CPU
	EndGlobalSection
	GlobalSection(MonoDevelopProperties) = preSolution
		Policies = $0
		$0.TextStylePolicy = $1
		$1.inheritsSet = null
		$1.scope = text/x-csharp
		$0.CSharpFormattingPolicy = $2
		$2.IndentNamespaceBody = False
		$2.AnonymousMethodBraceStyle = NextLine
		$2.PropertyBraceStyle = NextLine
		$2.PropertyGetBraceStyle = NextLine
		$2.PropertySetBraceStyle = NextLine
		$2.EventBraceStyle = NextLine
		$2.EventAddBraceStyle = NextLine
		$2.EventRemoveBraceStyle = NextLine
		$2.StatementBraceStyle = NextLine
		$2.ElseNewLinePlacement = NewLine
		$2.ElseIfNewLinePlacement = NewLine
		$2.CatchNewLinePlacement = NewLine
		$2.FinallyNewLinePlacement = NewLine
		$2.WhileNewLinePlacement = NewLine
		$2.BeforeMethodDeclarationParentheses = False
		$2.BeforeMethodCallParentheses = False
		$2.BeforeConstructorDeclarationParentheses = False
		$2.BeforeIndexerDeclarationBracket = False
		$2.BeforeDelegateDeclarationParentheses = False
		$2.AfterDelegateDeclarationParameterComma = True
		$2.NewParentheses = False
		$2.IfParentheses = False
		$2.WhileParentheses = False
		$2.ForParentheses = False
		$2.ForeachParentheses = False
		$2.CatchParentheses = False
		$2.SwitchParentheses = False
		$2.LockParentheses = False
		$2.UsingParentheses = False
		$2.SpacesBeforeBrackets = False
		$2.inheritsSet = Mono
		$2.inheritsScope = text/x-csharp
		$2.scope = text/x-csharp
	EndGlobalSection
EndGlobal
